
Microsoft Visual Studio Solution File, Format Version 12.00
# Visual Studio Version 16
VisualStudioVersion = 16.0.29001.49
MinimumVisualStudioVersion = 10.0.40219.1
Project("{FAE04EC0-301F-11D3-BF4B-00C04F79EFBC}") = "Hello World", "Hello World\Hello World.csproj", "{236C8E63-1B0F-4C6F-B05B-DDA69EE3BCEB}"
EndProject
Global
	GlobalSection(SolutionConfigurationPlatforms) = preSolution
		Debug|Any CPU = Debug|Any CPU
		Release|Any CPU = Release|Any CPU
	EndGlobalSection
	GlobalSection(ProjectConfigurationPlatforms) = postSolution
		{236C8E63-1B0F-4C6F-B05B-DDA69EE3BCEB}.Debug|Any CPU.ActiveCfg = Debug|Any CPU
		{236C8E63-1B0F-4C6F-B05B-DDA69EE3BCEB}.Debug|Any CPU.Build.0 = Debug|Any CPU
		{236C8E63-1B0F-4C6F-B05B-DDA69EE3BCEB}.Release|Any CPU.ActiveCfg = Release|Any CPU
		{236C8E63-1B0F-4C6F-B05B-DDA69EE3BCEB}.Release|Any CPU.Build.0 = Release|Any CPU
	EndGlobalSection
	GlobalSection(SolutionProperties) = preSolution
		HideSolutionNode = FALSE
	EndGlobalSection
	GlobalSection(ExtensibilityGlobals) = postSolution
		SolutionGuid = {B08B3D50-B38A-40A7-B8C1-12E93C73B646}
	EndGlobalSection
EndGlobal
